{
  "name": "3.single-spa-imp",
  "lockfileVersion": 2,
  "requires": true,
  "packages": {
    "": {
      "dependencies": {
        "single-spa": "^5.9.4"
      }
    },
    "node_modules/single-spa": {
      "version": "5.9.4",
      "resolved": "https://registry.npmmirror.com/single-spa/-/single-spa-5.9.4.tgz",
      "integrity": "sha512-QkEoh0AzGuU82qnbUUk0ydF78QbU5wMKqKKJn7uUQfBiOYlRQEfIOpLM4m23Sab+kTOLI1kbYhYeiQ7fX5KVVw=="
    }
  },
  "dependencies": {
    "single-spa": {
      "version": "5.9.4",
      "resolved": "https://registry.npmmirror.com/single-spa/-/single-spa-5.9.4.tgz",
      "integrity": "sha512-QkEoh0AzGuU82qnbUUk0ydF78QbU5wMKqKKJn7uUQfBiOYlRQEfIOpLM4m23Sab+kTOLI1kbYhYeiQ7fX5KVVw=="
    }
  }
}
